// !$*UTF8*$!
{
	archiveVersion = 1;
	classes = {
	};
	objectVersion = 55;
	objects = {

/* Begin PBXBuildFile section */
		66ABB666284B5E26003BC38D /* AppDelegate.swift in Sources */ = {isa = PBXBuildFile; fileRef = 66ABB665284B5E26003BC38D /* AppDelegate.swift */; };
		66ABB668284B5E26003BC38D /* SceneDelegate.swift in Sources */ = {isa = PBXBuildFile; fileRef = 66ABB667284B5E26003BC38D /* SceneDelegate.swift */; };
		66ABB66A284B5E26003BC38D /* ViewController.swift in Sources */ = {isa = PBXBuildFile; fileRef = 66ABB669284B5E26003BC38D /* ViewController.swift */; };
		66ABB66D284B5E26003BC38D /* Main.storyboard in Resources */ = {isa = PBXBuildFile; fileRef = 66ABB66B284B5E26003BC38D /* Main.storyboard */; };
		66ABB66F284B5E28003BC38D /* Assets.xcassets in Resources */ = {isa = PBXBuildFile; fileRef = 66ABB66E284B5E28003BC38D /* Assets.xcassets */; };
		66ABB672284B5E28003BC38D /* LaunchScreen.storyboard in Resources */ = {isa = PBXBuildFile; fileRef = 66ABB670284B5E28003BC38D /* LaunchScreen.storyboard */; };
		66ABB67D284B5F2F003BC38D /* Country.swift in Sources */ = {isa = PBXBuildFile; fileRef = 66ABB67C284B5F2F003BC38D /* Country.swift */; };
		66ABB682284B60BA003BC38D /* BasicTableViewCell.swift in Sources */ = {isa = PBXBuildFile; fileRef = 66ABB680284B60B9003BC38D /* BasicTableViewCell.swift */; };
		66ABB683284B60BA003BC38D /* BasicTableViewCell.xib in Resources */ = {isa = PBXBuildFile; fileRef = 66ABB681284B60BA003BC38D /* BasicTableViewCell.xib */; };
		66ABB685284B62C6003BC38D /* Country.json in Resources */ = {isa = PBXBuildFile; fileRef = 66ABB684284B62C6003BC38D /* Country.json */; };
/* End PBXBuildFile section */

/* Begin PBXFileReference section */
		66ABB662284B5E26003BC38D /* SearchApp.app */ = {isa = PBXFileReference; explicitFileType = wrapper.application; includeInIndex = 0; path = SearchApp.app; sourceTree = BUILT_PRODUCTS_DIR; };
		66ABB665284B5E26003BC38D /* AppDelegate.swift */ = {isa = PBXFileReference; lastKnownFileType = sourcecode.swift; path = AppDelegate.swift; sourceTree = "<group>"; };
		66ABB667284B5E26003BC38D /* SceneDelegate.swift */ = {isa = PBXFileReference; lastKnownFileType = sourcecode.swift; path = SceneDelegate.swift; sourceTree = "<group>"; };
		66ABB669284B5E26003BC38D /* ViewController.swift */ = {isa = PBXFileReference; lastKnownFileType = sourcecode.swift; path = ViewController.swift; sourceTree = "<group>"; };
		66ABB66C284B5E26003BC38D /* Base */ = {isa = PBXFileReference; lastKnownFileType = file.storyboard; name = Base; path = Base.lproj/Main.storyboard; sourceTree = "<group>"; };
		66ABB66E284B5E28003BC38D /* Assets.xcassets */ = {isa = PBXFileReference; lastKnownFileType = folder.assetcatalog; path = Assets.xcassets; sourceTree = "<group>"; };
		66ABB671284B5E28003BC38D /* Base */ = {isa = PBXFileReference; lastKnownFileType = file.storyboard; name = Base; path = Base.lproj/LaunchScreen.storyboard; sourceTree = "<group>"; };
		66ABB673284B5E28003BC38D /* Info.plist */ = {isa = PBXFileReference; lastKnownFileType = text.plist.xml; path = Info.plist; sourceTree = "<group>"; };
		66ABB67C284B5F2F003BC38D /* Country.swift */ = {isa = PBXFileReference; lastKnownFileType = sourcecode.swift; path = Country.swift; sourceTree = "<group>"; };
		66ABB680284B60B9003BC38D /* BasicTableViewCell.swift */ = {isa = PBXFileReference; lastKnownFileType = sourcecode.swift; path = BasicTableViewCell.swift; sourceTree = "<group>"; };
		66ABB681284B60BA003BC38D /* BasicTableViewCell.xib */ = {isa = PBXFileReference; lastKnownFileType = file.xib; path = BasicTableViewCell.xib; sourceTree = "<group>"; };
		66ABB684284B62C6003BC38D /* Country.json */ = {isa = PBXFileReference; lastKnownFileType = text.json; path = Country.json; sourceTree = "<group>"; };
/* End PBXFileReference section */

/* Begin PBXFrameworksBuildPhase section */
		66ABB65F284B5E26003BC38D /* Frameworks */ = {
			isa = PBXFrameworksBuildPhase;
			buildActionMask = 2147483647;
			files = (
			);
			runOnlyForDeploymentPostprocessing = 0;
		};
/* End PBXFrameworksBuildPhase section */

/* Begin PBXGroup section */
		66ABB659284B5E26003BC38D = {
			isa = PBXGroup;
			children = (
				66ABB664284B5E26003BC38D /* SearchApp */,
				66ABB663284B5E26003BC38D /* Products */,
			);
			sourceTree = "<group>";
		};
		66ABB663284B5E26003BC38D /* Products */ = {
			isa = PBXGroup;
			children = (
				66ABB662284B5E26003BC38D /* SearchApp.app */,
			);
			name = Products;
			sourceTree = "<group>";
		};
		66ABB664284B5E26003BC38D /* SearchApp */ = {
			isa = PBXGroup;
			children = (
				66ABB67B284B5F1C003BC38D /* Model */,
				66ABB67E284B6062003BC38D /* TableViewCells */,
				66ABB665284B5E26003BC38D /* AppDelegate.swift */,
				66ABB667284B5E26003BC38D /* SceneDelegate.swift */,
				66ABB669284B5E26003BC38D /* ViewController.swift */,
				66ABB66B284B5E26003BC38D /* Main.storyboard */,
				66ABB66E284B5E28003BC38D /* Assets.xcassets */,
				66ABB670284B5E28003BC38D /* LaunchScreen.storyboard */,
				66ABB673284B5E28003BC38D /* Info.plist */,
				66ABB684284B62C6003BC38D /* Country.json */,
			);
			path = SearchApp;
			sourceTree = "<group>";
		};
		66ABB67B284B5F1C003BC38D /* Model */ = {
			isa = PBXGroup;
			children = (
				66ABB67C284B5F2F003BC38D /* Country.swift */,
			);
			path = Model;
			sourceTree = "<group>";
		};
		66ABB67E284B6062003BC38D /* TableViewCells */ = {
			isa = PBXGroup;
			children = (
				66ABB67F284B608A003BC38D /* BasicTableViewCell */,
			);
			path = TableViewCells;
			sourceTree = "<group>";
		};
		66ABB67F284B608A003BC38D /* BasicTableViewCell */ = {
			isa = PBXGroup;
			children = (
				66ABB680284B60B9003BC38D /* BasicTableViewCell.swift */,
				66ABB681284B60BA003BC38D /* BasicTableViewCell.xib */,
			);
			path = BasicTableViewCell;
			sourceTree = "<group>";
		};
/* End PBXGroup section */

/* Begin PBXNativeTarget section */
		66ABB661284B5E26003BC38D /* SearchApp */ = {
			isa = PBXNativeTarget;
			buildConfigurationList = 66ABB676284B5E28003BC38D /* Build configuration list for PBXNativeTarget "SearchApp" */;
			buildPhases = (
				66ABB65E284B5E26003BC38D /* Sources */,
				66ABB65F284B5E26003BC38D /* Frameworks */,
				66ABB660284B5E26003BC38D /* Resources */,
			);
			buildRules = (
			);
			dependencies = (
			);
			name = SearchApp;
			productName = SearchApp;
			productReference = 66ABB662284B5E26003BC38D /* SearchApp.app */;
			productType = "com.apple.product-type.application";
		};
/* End PBXNativeTarget section */

/* Begin PBXProject section */
		66ABB65A284B5E26003BC38D /* Project object */ = {
			isa = PBXProject;
			attributes = {
				BuildIndependentTargetsInParallel = 1;
				LastSwiftUpdateCheck = 1340;
				LastUpgradeCheck = 1340;
				TargetAttributes = {
					66ABB661284B5E26003BC38D = {
						CreatedOnToolsVersion = 13.4;
					};
				};
			};
			buildConfigurationList = 66ABB65D284B5E26003BC38D /* Build configuration list for PBXProject "SearchApp" */;
			compatibilityVersion = "Xcode 13.0";
			developmentRegion = en;
			hasScannedForEncodings = 0;
			knownRegions = (
				en,
				Base,
			);
			mainGroup = 66ABB659284B5E26003BC38D;
			productRefGroup = 66ABB663284B5E26003BC38D /* Products */;
			projectDirPath = "";
			projectRoot = "";
			targets = (
				66ABB661284B5E26003BC38D /* SearchApp */,
			);
		};
/* End PBXProject section */

/* Begin PBXResourcesBuildPhase section */
		66ABB660284B5E26003BC38D /* Resources */ = {
			isa = PBXResourcesBuildPhase;
			buildActionMask = 2147483647;
			files = (
				66ABB683284B60BA003BC38D /* BasicTableViewCell.xib in Resources */,
				66ABB685284B62C6003BC38D /* Country.json in Resources */,
				66ABB672284B5E28003BC38D /* LaunchScreen.storyboard in Resources */,
				66ABB66F284B5E28003BC38D /* Assets.xcassets in Resources */,
				66ABB66D284B5E26003BC38D /* Main.storyboard in Resources */,
			);
			runOnlyForDeploymentPostprocessing = 0;
		};
/* End PBXResourcesBuildPhase section */

/* Begin PBXSourcesBuildPhase section */
		66ABB65E284B5E26003BC38D /* Sources */ = {
			isa = PBXSourcesBuildPhase;
			buildActionMask = 2147483647;
			files = (
				66ABB66A284B5E26003BC38D /* ViewController.swift in Sources */,
				66ABB682284B60BA003BC38D /* BasicTableViewCell.swift in Sources */,
				66ABB666284B5E26003BC38D /* AppDelegate.swift in Sources */,
				66ABB67D284B5F2F003BC38D /* Country.swift in Sources */,
				66ABB668284B5E26003BC38D /* SceneDelegate.swift in Sources */,
			);
			runOnlyForDeploymentPostprocessing = 0;
		};
/* End PBXSourcesBuildPhase section */

/* Begin PBXVariantGroup section */
		66ABB66B284B5E26003BC38D /* Main.storyboard */ = {
			isa = PBXVariantGroup;
			children = (
				66ABB66C284B5E26003BC38D /* Base */,
			);
			name = Main.storyboard;
			sourceTree = "<group>";
		};
		66ABB670284B5E28003BC38D /* LaunchScreen.storyboard */ = {
			isa = PBXVariantGroup;
			children = (
				66ABB671284B5E28003BC38D /* Base */,
			);
			name = LaunchScreen.storyboard;
			sourceTree = "<group>";
		};
/* End PBXVariantGroup section */

/* Begin XCBuildConfiguration section */
		66ABB674284B5E28003BC38D /* Debug */ = {
			isa = XCBuildConfiguration;
			buildSettings = {
				ALWAYS_SEARCH_USER_PATHS = NO;
				CLANG_ANALYZER_NONNULL = YES;
				CLANG_ANALYZER_NUMBER_OBJECT_CONVERSION = YES_AGGRESSIVE;
				CLANG_CXX_LANGUAGE_STANDARD = "gnu++17";
				CLANG_ENABLE_MODULES = YES;
				CLANG_ENABLE_OBJC_ARC = YES;
				CLANG_ENABLE_OBJC_WEAK = YES;
				CLANG_WARN_BLOCK_CAPTURE_AUTORELEASING = YES;
				CLANG_WARN_BOOL_CONVERSION = YES;
				CLANG_WARN_COMMA = YES;
				CLANG_WARN_CONSTANT_CONVERSION = YES;
				CLANG_WARN_DEPRECATED_OBJC_IMPLEMENTATIONS = YES;
				CLANG_WARN_DIRECT_OBJC_ISA_USAGE = YES_ERROR;
				CLANG_WARN_DOCUMENTATION_COMMENTS = YES;
				CLANG_WARN_EMPTY_BODY = YES;
				CLANG_WARN_ENUM_CONVERSION = YES;
				CLANG_WARN_INFINITE_RECURSION = YES;
				CLANG_WARN_INT_CONVERSION = YES;
				CLANG_WARN_NON_LITERAL_NULL_CONVERSION = YES;
				CLANG_WARN_OBJC_IMPLICIT_RETAIN_SELF = YES;
				CLANG_WARN_OBJC_LITERAL_CONVERSION = YES;
				CLANG_WARN_OBJC_ROOT_CLASS = YES_ERROR;
				CLANG_WARN_QUOTED_INCLUDE_IN_FRAMEWORK_HEADER = YES;
				CLANG_WARN_RANGE_LOOP_ANALYSIS = YES;
				CLANG_WARN_STRICT_PROTOTYPES = YES;
				CLANG_WARN_SUSPICIOUS_MOVE = YES;
				CLANG_WARN_UNGUARDED_AVAILABILITY = YES_AGGRESSIVE;
				CLANG_WARN_UNREACHABLE_CODE = YES;
				CLANG_WARN__DUPLICATE_METHOD_MATCH = YES;
				COPY_PHASE_STRIP = NO;
				DEBUG_INFORMATION_FORMAT = dwarf;
				ENABLE_STRICT_OBJC_MSGSEND = YES;
				ENABLE_TESTABILITY = YES;
				GCC_C_LANGUAGE_STANDARD = gnu11;
				GCC_DYNAMIC_NO_PIC = NO;
				GCC_NO_COMMON_BLOCKS = YES;
				GCC_OPTIMIZATION_LEVEL = 0;
				GCC_PREPROCESSOR_DEFINITIONS = (
					"DEBUG=1",
					"$(inherited)",
				);
				GCC_WARN_64_TO_32_BIT_CONVERSION = YES;
				GCC_WARN_ABOUT_RETURN_TYPE = YES_ERROR;
				GCC_WARN_UNDECLARED_SELECTOR = YES;
				GCC_WARN_UNINITIALIZED_AUTOS = YES_AGGRESSIVE;
				GCC_WARN_UNUSED_FUNCTION = YES;
				GCC_WARN_UNUSED_VARIABLE = YES;
				IPHONEOS_DEPLOYMENT_TARGET = 15.5;
				MTL_ENABLE_DEBUG_INFO = INCLUDE_SOURCE;
				MTL_FAST_MATH = YES;
				ONLY_ACTIVE_ARCH = YES;
				SDKROOT = iphoneos;
				SWIFT_ACTIVE_COMPILATION_CONDITIONS = DEBUG;
				SWIFT_OPTIMIZATION_LEVEL = "-Onone";
			};
			name = Debug;
		};
		66ABB675284B5E28003BC38D /* Release */ = {
			isa = XCBuildConfiguration;
			buildSettings = {
				ALWAYS_SEARCH_USER_PATHS = NO;
				CLANG_ANALYZER_NONNULL = YES;
				CLANG_ANALYZER_NUMBER_OBJECT_CONVERSION = YES_AGGRESSIVE;
				CLANG_CXX_LANGUAGE_STANDARD = "gnu++17";
				CLANG_ENABLE_MODULES = YES;
				CLANG_ENABLE_OBJC_ARC = YES;
				CLANG_ENABLE_OBJC_WEAK = YES;
				CLANG_WARN_BLOCK_CAPTURE_AUTORELEASING = YES;
				CLANG_WARN_BOOL_CONVERSION = YES;
				CLANG_WARN_COMMA = YES;
				CLANG_WARN_CONSTANT_CONVERSION = YES;
				CLANG_WARN_DEPRECATED_OBJC_IMPLEMENTATIONS = YES;
				CLANG_WARN_DIRECT_OBJC_ISA_USAGE = YES_ERROR;
				CLANG_WARN_DOCUMENTATION_COMMENTS = YES;
				CLANG_WARN_EMPTY_BODY = YES;
				CLANG_WARN_ENUM_CONVERSION = YES;
				CLANG_WARN_INFINITE_RECURSION = YES;
				CLANG_WARN_INT_CONVERSION = YES;
				CLANG_WARN_NON_LITERAL_NULL_CONVERSION = YES;
				CLANG_WARN_OBJC_IMPLICIT_RETAIN_SELF = YES;
				CLANG_WARN_OBJC_LITERAL_CONVERSION = YES;
				CLANG_WARN_OBJC_ROOT_CLASS = YES_ERROR;
				CLANG_WARN_QUOTED_INCLUDE_IN_FRAMEWORK_HEADER = YES;
				CLANG_WARN_RANGE_LOOP_ANALYSIS = YES;
				CLANG_WARN_STRICT_PROTOTYPES = YES;
				CLANG_WARN_SUSPICIOUS_MOVE = YES;
				CLANG_WARN_UNGUARDED_AVAILABILITY = YES_AGGRESSIVE;
				CLANG_WARN_UNREACHABLE_CODE = YES;
				CLANG_WARN__DUPLICATE_METHOD_MATCH = YES;
				COPY_PHASE_STRIP = NO;
				DEBUG_INFORMATION_FORMAT = "dwarf-with-dsym";
				ENABLE_NS_ASSERTIONS = NO;
				ENABLE_STRICT_OBJC_MSGSEND = YES;
				GCC_C_LANGUAGE_STANDARD = gnu11;
				GCC_NO_COMMON_BLOCKS = YES;
				GCC_WARN_64_TO_32_BIT_CONVERSION = YES;
				GCC_WARN_ABOUT_RETURN_TYPE = YES_ERROR;
				GCC_WARN_UNDECLARED_SELECTOR = YES;
				GCC_WARN_UNINITIALIZED_AUTOS = YES_AGGRESSIVE;
				GCC_WARN_UNUSED_FUNCTION = YES;
				GCC_WARN_UNUSED_VARIABLE = YES;
				IPHONEOS_DEPLOYMENT_TARGET = 15.5;
				MTL_ENABLE_DEBUG_INFO = NO;
				MTL_FAST_MATH = YES;
				SDKROOT = iphoneos;
				SWIFT_COMPILATION_MODE = wholemodule;
				SWIFT_OPTIMIZATION_LEVEL = "-O";
				VALIDATE_PRODUCT = YES;
			};
			name = Release;
		};
		66ABB677284B5E28003BC38D /* Debug */ = {
			isa = XCBuildConfiguration;
			buildSettings = {
				ASSETCATALOG_COMPILER_APPICON_NAME = AppIcon;
				ASSETCATALOG_COMPILER_GLOBAL_ACCENT_COLOR_NAME = AccentColor;
				CODE_SIGN_STYLE = Automatic;
				CURRENT_PROJECT_VERSION = 1;
				DEVELOPMENT_TEAM = C996C9WC92;
				GENERATE_INFOPLIST_FILE = YES;
				INFOPLIST_FILE = SearchApp/Info.plist;
				INFOPLIST_KEY_UIApplicationSupportsIndirectInputEvents = YES;
				INFOPLIST_KEY_UILaunchStoryboardName = LaunchScreen;
				INFOPLIST_KEY_UIMainStoryboardFile = Main;
				INFOPLIST_KEY_UISupportedInterfaceOrientations_iPad = "UIInterfaceOrientationPortrait UIInterfaceOrientationPortraitUpsideDown UIInterfaceOrientationLandscapeLeft UIInterfaceOrientationLandscapeRight";
				INFOPLIST_KEY_UISupportedInterfaceOrientations_iPhone = "UIInterfaceOrientationPortrait UIInterfaceOrientationLandscapeLeft UIInterfaceOrientationLandscapeRight";
				LD_RUNPATH_SEARCH_PATHS = (
					"$(inherited)",
					"@executable_path/Frameworks",
				);
				MARKETING_VERSION = 1.0;
				PRODUCT_BUNDLE_IDENTIFIER = com.baturayyasar.SearchApp;
				PRODUCT_NAME = "$(TARGET_NAME)";
				SWIFT_EMIT_LOC_STRINGS = YES;
				SWIFT_VERSION = 5.0;
				TARGETED_DEVICE_FAMILY = 1;
			};
			name = Debug;
		};
		66ABB678284B5E28003BC38D /* Release */ = {
			isa = XCBuildConfiguration;
			buildSettings = {
				ASSETCATALOG_COMPILER_APPICON_NAME = AppIcon;
				ASSETCATALOG_COMPILER_GLOBAL_ACCENT_COLOR_NAME = AccentColor;
				CODE_SIGN_STYLE = Automatic;
				CURRENT_PROJECT_VERSION = 1;
				DEVELOPMENT_TEAM = C996C9WC92;
				GENERATE_INFOPLIST_FILE = YES;
				INFOPLIST_FILE = SearchApp/Info.plist;
				INFOPLIST_KEY_UIApplicationSupportsIndirectInputEvents = YES;
				INFOPLIST_KEY_UILaunchStoryboardName = LaunchScreen;
				INFOPLIST_KEY_UIMainStoryboardFile = Main;
				INFOPLIST_KEY_UISupportedInterfaceOrientations_iPad = "UIInterfaceOrientationPortrait UIInterfaceOrientationPortraitUpsideDown UIInterfaceOrientationLandscapeLeft UIInterfaceOrientationLandscapeRight";
				INFOPLIST_KEY_UISupportedInterfaceOrientations_iPhone = "UIInterfaceOrientationPortrait UIInterfaceOrientationLandscapeLeft UIInterfaceOrientationLandscapeRight";
				LD_RUNPATH_SEARCH_PATHS = (
					"$(inherited)",
					"@executable_path/Frameworks",
				);
				MARKETING_VERSION = 1.0;
				PRODUCT_BUNDLE_IDENTIFIER = com.baturayyasar.SearchApp;
				PRODUCT_NAME = "$(TARGET_NAME)";
				SWIFT_EMIT_LOC_STRINGS = YES;
				SWIFT_VERSION = 5.0;
				TARGETED_DEVICE_FAMILY = 1;
			};
			name = Release;
		};
/* End XCBuildConfiguration section */

/* Begin XCConfigurationList section */
		66ABB65D284B5E26003BC38D /* Build configuration list for PBXProject "SearchApp" */ = {
			isa = XCConfigurationList;
			buildConfigurations = (
				66ABB674284B5E28003BC38D /* Debug */,
				66ABB675284B5E28003BC38D /* Release */,
			);
			defaultConfigurationIsVisible = 0;
			defaultConfigurationName = Release;
		};
		66ABB676284B5E28003BC38D /* Build configuration list for PBXNativeTarget "SearchApp" */ = {
			isa = XCConfigurationList;
			buildConfigurations = (
				66ABB677284B5E28003BC38D /* Debug */,
				66ABB678284B5E28003BC38D /* Release */,
			);
			defaultConfigurationIsVisible = 0;
			defaultConfigurationName = Release;
		};
/* End XCConfigurationList section */
	};
	rootObject = 66ABB65A284B5E26003BC38D /* Project object */;
}
